// !$*UTF8*$!
{
	archiveVersion = 1;
	classes = {
	};
	objectVersion = 56;
	objects = {

/* Begin PBXBuildFile section */
		CA27B09A28FF6FD1007754FF /* PhysicsTestApp.swift in Sources */ = {isa = PBXBuildFile; fileRef = CA27B09928FF6FD1007754FF /* PhysicsTestApp.swift */; };
		CA27B09C28FF6FD1007754FF /* ContentView.swift in Sources */ = {isa = PBXBuildFile; fileRef = CA27B09B28FF6FD1007754FF /* ContentView.swift */; };
		CA27B09E28FF6FD2007754FF /* Assets.xcassets in Resources */ = {isa = PBXBuildFile; fileRef = CA27B09D28FF6FD2007754FF /* Assets.xcassets */; };
		CA27B0A128FF6FD2007754FF /* Preview Assets.xcassets in Resources */ = {isa = PBXBuildFile; fileRef = CA27B0A028FF6FD2007754FF /* Preview Assets.xcassets */; };
		CA27B0A328FF6FD2007754FF /* Persistence.swift in Sources */ = {isa = PBXBuildFile; fileRef = CA27B0A228FF6FD2007754FF /* Persistence.swift */; };
		CA27B0A628FF6FD2007754FF /* PhysicsTest.xcdatamodeld in Sources */ = {isa = PBXBuildFile; fileRef = CA27B0A428FF6FD2007754FF /* PhysicsTest.xcdatamodeld */; };
		CA30AE302986C75D0041E74B /* icon02.png in Resources */ = {isa = PBXBuildFile; fileRef = CA30AE2F2986C75D0041E74B /* icon02.png */; };
		CA54D91629B3E8A2000C0C36 /* diabetes.json in Resources */ = {isa = PBXBuildFile; fileRef = CA54D91529B3E8A2000C0C36 /* diabetes.json */; };
		CA59A0FF2989E6A6002B4237 /* Pomegranate.svg in Resources */ = {isa = PBXBuildFile; fileRef = CA59A0FE2989E6A6002B4237 /* Pomegranate.svg */; };
		CA603415293F9B57009BEEFE /* PhysicsEnv.swift in Sources */ = {isa = PBXBuildFile; fileRef = CA603414293F9B57009BEEFE /* PhysicsEnv.swift */; };
		CABABC402B2146940071B39B /* TestScene.sks in Resources */ = {isa = PBXBuildFile; fileRef = CABABC3F2B2146940071B39B /* TestScene.sks */; };
		CACE7C4729089704008A3F07 /* ObjectSettings.swift in Sources */ = {isa = PBXBuildFile; fileRef = CACE7C4629089704008A3F07 /* ObjectSettings.swift */; };
		CACFF70B2982E5E2004CCC49 /* icon.png in Resources */ = {isa = PBXBuildFile; fileRef = CACFF70A2982E5E2004CCC49 /* icon.png */; };
/* End PBXBuildFile section */

/* Begin PBXFileReference section */
		CA27B09628FF6FD1007754FF /* PhysicsTest.app */ = {isa = PBXFileReference; explicitFileType = wrapper.application; includeInIndex = 0; path = PhysicsTest.app; sourceTree = BUILT_PRODUCTS_DIR; };
		CA27B09928FF6FD1007754FF /* PhysicsTestApp.swift */ = {isa = PBXFileReference; lastKnownFileType = sourcecode.swift; path = PhysicsTestApp.swift; sourceTree = "<group>"; };
		CA27B09B28FF6FD1007754FF /* ContentView.swift */ = {isa = PBXFileReference; lastKnownFileType = sourcecode.swift; path = ContentView.swift; sourceTree = "<group>"; };
		CA27B09D28FF6FD2007754FF /* Assets.xcassets */ = {isa = PBXFileReference; lastKnownFileType = folder.assetcatalog; path = Assets.xcassets; sourceTree = "<group>"; };
		CA27B0A028FF6FD2007754FF /* Preview Assets.xcassets */ = {isa = PBXFileReference; lastKnownFileType = folder.assetcatalog; path = "Preview Assets.xcassets"; sourceTree = "<group>"; };
		CA27B0A228FF6FD2007754FF /* Persistence.swift */ = {isa = PBXFileReference; lastKnownFileType = sourcecode.swift; path = Persistence.swift; sourceTree = "<group>"; };
		CA27B0A528FF6FD2007754FF /* PhysicsTest.xcdatamodel */ = {isa = PBXFileReference; lastKnownFileType = wrapper.xcdatamodel; path = PhysicsTest.xcdatamodel; sourceTree = "<group>"; };
		CA30AE2F2986C75D0041E74B /* icon02.png */ = {isa = PBXFileReference; lastKnownFileType = image.png; path = icon02.png; sourceTree = "<group>"; };
		CA54D91529B3E8A2000C0C36 /* diabetes.json */ = {isa = PBXFileReference; fileEncoding = 4; lastKnownFileType = text.json; path = diabetes.json; sourceTree = "<group>"; };
		CA59A0FE2989E6A6002B4237 /* Pomegranate.svg */ = {isa = PBXFileReference; fileEncoding = 4; lastKnownFileType = text.xml; name = Pomegranate.svg; path = ../../Pomegranate.svg; sourceTree = "<group>"; };
		CA603414293F9B57009BEEFE /* PhysicsEnv.swift */ = {isa = PBXFileReference; lastKnownFileType = sourcecode.swift; path = PhysicsEnv.swift; sourceTree = "<group>"; };
		CABABC3F2B2146940071B39B /* TestScene.sks */ = {isa = PBXFileReference; lastKnownFileType = file.sks; path = TestScene.sks; sourceTree = "<group>"; };
		CACE7C4629089704008A3F07 /* ObjectSettings.swift */ = {isa = PBXFileReference; lastKnownFileType = sourcecode.swift; path = ObjectSettings.swift; sourceTree = "<group>"; };
		CACFF70A2982E5E2004CCC49 /* icon.png */ = {isa = PBXFileReference; lastKnownFileType = image.png; path = icon.png; sourceTree = "<group>"; };
/* End PBXFileReference section */

/* Begin PBXFrameworksBuildPhase section */
		CA27B09328FF6FD1007754FF /* Frameworks */ = {
			isa = PBXFrameworksBuildPhase;
			buildActionMask = 2147483647;
			files = (
			);
			runOnlyForDeploymentPostprocessing = 0;
		};
/* End PBXFrameworksBuildPhase section */

/* Begin PBXGroup section */
		CA27B08D28FF6FD1007754FF = {
			isa = PBXGroup;
			children = (
				CA27B09828FF6FD1007754FF /* PhysicsTest */,
				CA27B09728FF6FD1007754FF /* Products */,
			);
			sourceTree = "<group>";
		};
		CA27B09728FF6FD1007754FF /* Products */ = {
			isa = PBXGroup;
			children = (
				CA27B09628FF6FD1007754FF /* PhysicsTest.app */,
			);
			name = Products;
			sourceTree = "<group>";
		};
		CA27B09828FF6FD1007754FF /* PhysicsTest */ = {
			isa = PBXGroup;
			children = (
				CA54D91529B3E8A2000C0C36 /* diabetes.json */,
				CACE7C4629089704008A3F07 /* ObjectSettings.swift */,
				CA59A0FE2989E6A6002B4237 /* Pomegranate.svg */,
				CA27B09928FF6FD1007754FF /* PhysicsTestApp.swift */,
				CA603414293F9B57009BEEFE /* PhysicsEnv.swift */,
				CABABC3F2B2146940071B39B /* TestScene.sks */,
				CA27B09B28FF6FD1007754FF /* ContentView.swift */,
				CA27B09D28FF6FD2007754FF /* Assets.xcassets */,
				CA30AE2F2986C75D0041E74B /* icon02.png */,
				CACFF70A2982E5E2004CCC49 /* icon.png */,
				CA27B0A228FF6FD2007754FF /* Persistence.swift */,
				CA27B0A428FF6FD2007754FF /* PhysicsTest.xcdatamodeld */,
				CA27B09F28FF6FD2007754FF /* Preview Content */,
			);
			path = PhysicsTest;
			sourceTree = "<group>";
		};
		CA27B09F28FF6FD2007754FF /* Preview Content */ = {
			isa = PBXGroup;
			children = (
				CA27B0A028FF6FD2007754FF /* Preview Assets.xcassets */,
			);
			path = "Preview Content";
			sourceTree = "<group>";
		};
/* End PBXGroup section */

/* Begin PBXNativeTarget section */
		CA27B09528FF6FD1007754FF /* PhysicsTest */ = {
			isa = PBXNativeTarget;
			buildConfigurationList = CA27B0A928FF6FD2007754FF /* Build configuration list for PBXNativeTarget "PhysicsTest" */;
			buildPhases = (
				CA27B09228FF6FD1007754FF /* Sources */,
				CA27B09328FF6FD1007754FF /* Frameworks */,
				CA27B09428FF6FD1007754FF /* Resources */,
			);
			buildRules = (
			);
			dependencies = (
			);
			name = PhysicsTest;
			productName = PhysicsTest;
			productReference = CA27B09628FF6FD1007754FF /* PhysicsTest.app */;
			productType = "com.apple.product-type.application";
		};
/* End PBXNativeTarget section */

/* Begin PBXProject section */
		CA27B08E28FF6FD1007754FF /* Project object */ = {
			isa = PBXProject;
			attributes = {
				BuildIndependentTargetsInParallel = 1;
				LastSwiftUpdateCheck = 1400;
				LastUpgradeCheck = 1400;
				TargetAttributes = {
					CA27B09528FF6FD1007754FF = {
						CreatedOnToolsVersion = 14.0.1;
					};
				};
			};
			buildConfigurationList = CA27B09128FF6FD1007754FF /* Build configuration list for PBXProject "PhysicsTest" */;
			compatibilityVersion = "Xcode 14.0";
			developmentRegion = en;
			hasScannedForEncodings = 0;
			knownRegions = (
				en,
				Base,
			);
			mainGroup = CA27B08D28FF6FD1007754FF;
			productRefGroup = CA27B09728FF6FD1007754FF /* Products */;
			projectDirPath = "";
			projectRoot = "";
			targets = (
				CA27B09528FF6FD1007754FF /* PhysicsTest */,
			);
		};
/* End PBXProject section */

/* Begin PBXResourcesBuildPhase section */
		CA27B09428FF6FD1007754FF /* Resources */ = {
			isa = PBXResourcesBuildPhase;
			buildActionMask = 2147483647;
			files = (
				CA30AE302986C75D0041E74B /* icon02.png in Resources */,
				CA27B0A128FF6FD2007754FF /* Preview Assets.xcassets in Resources */,
				CA54D91629B3E8A2000C0C36 /* diabetes.json in Resources */,
				CABABC402B2146940071B39B /* TestScene.sks in Resources */,
				CA27B09E28FF6FD2007754FF /* Assets.xcassets in Resources */,
				CACFF70B2982E5E2004CCC49 /* icon.png in Resources */,
				CA59A0FF2989E6A6002B4237 /* Pomegranate.svg in Resources */,
			);
			runOnlyForDeploymentPostprocessing = 0;
		};
/* End PBXResourcesBuildPhase section */

/* Begin PBXSourcesBuildPhase section */
		CA27B09228FF6FD1007754FF /* Sources */ = {
			isa = PBXSourcesBuildPhase;
			buildActionMask = 2147483647;
			files = (
				CA27B0A328FF6FD2007754FF /* Persistence.swift in Sources */,
				CA603415293F9B57009BEEFE /* PhysicsEnv.swift in Sources */,
				CA27B09C28FF6FD1007754FF /* ContentView.swift in Sources */,
				CA27B09A28FF6FD1007754FF /* PhysicsTestApp.swift in Sources */,
				CA27B0A628FF6FD2007754FF /* PhysicsTest.xcdatamodeld in Sources */,
				CACE7C4729089704008A3F07 /* ObjectSettings.swift in Sources */,
			);
			runOnlyForDeploymentPostprocessing = 0;
		};
/* End PBXSourcesBuildPhase section */

/* Begin XCBuildConfiguration section */
		CA27B0A728FF6FD2007754FF /* Debug */ = {
			isa = XCBuildConfiguration;
			buildSettings = {
				ALWAYS_SEARCH_USER_PATHS = NO;
				CLANG_ANALYZER_NONNULL = YES;
				CLANG_ANALYZER_NUMBER_OBJECT_CONVERSION = YES_AGGRESSIVE;
				CLANG_CXX_LANGUAGE_STANDARD = "gnu++20";
				CLANG_ENABLE_MODULES = YES;
				CLANG_ENABLE_OBJC_ARC = YES;
				CLANG_ENABLE_OBJC_WEAK = YES;
				CLANG_WARN_BLOCK_CAPTURE_AUTORELEASING = YES;
				CLANG_WARN_BOOL_CONVERSION = YES;
				CLANG_WARN_COMMA = YES;
				CLANG_WARN_CONSTANT_CONVERSION = YES;
				CLANG_WARN_DEPRECATED_OBJC_IMPLEMENTATIONS = YES;
				CLANG_WARN_DIRECT_OBJC_ISA_USAGE = YES_ERROR;
				CLANG_WARN_DOCUMENTATION_COMMENTS = YES;
				CLANG_WARN_EMPTY_BODY = YES;
				CLANG_WARN_ENUM_CONVERSION = YES;
				CLANG_WARN_INFINITE_RECURSION = YES;
				CLANG_WARN_INT_CONVERSION = YES;
				CLANG_WARN_NON_LITERAL_NULL_CONVERSION = YES;
				CLANG_WARN_OBJC_IMPLICIT_RETAIN_SELF = YES;
				CLANG_WARN_OBJC_LITERAL_CONVERSION = YES;
				CLANG_WARN_OBJC_ROOT_CLASS = YES_ERROR;
				CLANG_WARN_QUOTED_INCLUDE_IN_FRAMEWORK_HEADER = YES;
				CLANG_WARN_RANGE_LOOP_ANALYSIS = YES;
				CLANG_WARN_STRICT_PROTOTYPES = YES;
				CLANG_WARN_SUSPICIOUS_MOVE = YES;
				CLANG_WARN_UNGUARDED_AVAILABILITY = YES_AGGRESSIVE;
				CLANG_WARN_UNREACHABLE_CODE = YES;
				CLANG_WARN__DUPLICATE_METHOD_MATCH = YES;
				COPY_PHASE_STRIP = NO;
				DEBUG_INFORMATION_FORMAT = dwarf;
				ENABLE_STRICT_OBJC_MSGSEND = YES;
				ENABLE_TESTABILITY = YES;
				GCC_C_LANGUAGE_STANDARD = gnu11;
				GCC_DYNAMIC_NO_PIC = NO;
				GCC_NO_COMMON_BLOCKS = YES;
				GCC_OPTIMIZATION_LEVEL = 0;
				GCC_PREPROCESSOR_DEFINITIONS = (
					"DEBUG=1",
					"$(inherited)",
				);
				GCC_WARN_64_TO_32_BIT_CONVERSION = YES;
				GCC_WARN_ABOUT_RETURN_TYPE = YES_ERROR;
				GCC_WARN_UNDECLARED_SELECTOR = YES;
				GCC_WARN_UNINITIALIZED_AUTOS = YES_AGGRESSIVE;
				GCC_WARN_UNUSED_FUNCTION = YES;
				GCC_WARN_UNUSED_VARIABLE = YES;
				IPHONEOS_DEPLOYMENT_TARGET = 16.0;
				MTL_ENABLE_DEBUG_INFO = INCLUDE_SOURCE;
				MTL_FAST_MATH = YES;
				ONLY_ACTIVE_ARCH = YES;
				SDKROOT = iphoneos;
				SWIFT_ACTIVE_COMPILATION_CONDITIONS = DEBUG;
				SWIFT_OPTIMIZATION_LEVEL = "-Onone";
			};
			name = Debug;
		};
		CA27B0A828FF6FD2007754FF /* Release */ = {
			isa = XCBuildConfiguration;
			buildSettings = {
				ALWAYS_SEARCH_USER_PATHS = NO;
				CLANG_ANALYZER_NONNULL = YES;
				CLANG_ANALYZER_NUMBER_OBJECT_CONVERSION = YES_AGGRESSIVE;
				CLANG_CXX_LANGUAGE_STANDARD = "gnu++20";
				CLANG_ENABLE_MODULES = YES;
				CLANG_ENABLE_OBJC_ARC = YES;
				CLANG_ENABLE_OBJC_WEAK = YES;
				CLANG_WARN_BLOCK_CAPTURE_AUTORELEASING = YES;
				CLANG_WARN_BOOL_CONVERSION = YES;
				CLANG_WARN_COMMA = YES;
				CLANG_WARN_CONSTANT_CONVERSION = YES;
				CLANG_WARN_DEPRECATED_OBJC_IMPLEMENTATIONS = YES;
				CLANG_WARN_DIRECT_OBJC_ISA_USAGE = YES_ERROR;
				CLANG_WARN_DOCUMENTATION_COMMENTS = YES;
				CLANG_WARN_EMPTY_BODY = YES;
				CLANG_WARN_ENUM_CONVERSION = YES;
				CLANG_WARN_INFINITE_RECURSION = YES;
				CLANG_WARN_INT_CONVERSION = YES;
				CLANG_WARN_NON_LITERAL_NULL_CONVERSION = YES;
				CLANG_WARN_OBJC_IMPLICIT_RETAIN_SELF = YES;
				CLANG_WARN_OBJC_LITERAL_CONVERSION = YES;
				CLANG_WARN_OBJC_ROOT_CLASS = YES_ERROR;
				CLANG_WARN_QUOTED_INCLUDE_IN_FRAMEWORK_HEADER = YES;
				CLANG_WARN_RANGE_LOOP_ANALYSIS = YES;
				CLANG_WARN_STRICT_PROTOTYPES = YES;
				CLANG_WARN_SUSPICIOUS_MOVE = YES;
				CLANG_WARN_UNGUARDED_AVAILABILITY = YES_AGGRESSIVE;
				CLANG_WARN_UNREACHABLE_CODE = YES;
				CLANG_WARN__DUPLICATE_METHOD_MATCH = YES;
				COPY_PHASE_STRIP = NO;
				DEBUG_INFORMATION_FORMAT = "dwarf-with-dsym";
				ENABLE_NS_ASSERTIONS = NO;
				ENABLE_STRICT_OBJC_MSGSEND = YES;
				GCC_C_LANGUAGE_STANDARD = gnu11;
				GCC_NO_COMMON_BLOCKS = YES;
				GCC_WARN_64_TO_32_BIT_CONVERSION = YES;
				GCC_WARN_ABOUT_RETURN_TYPE = YES_ERROR;
				GCC_WARN_UNDECLARED_SELECTOR = YES;
				GCC_WARN_UNINITIALIZED_AUTOS = YES_AGGRESSIVE;
				GCC_WARN_UNUSED_FUNCTION = YES;
				GCC_WARN_UNUSED_VARIABLE = YES;
				IPHONEOS_DEPLOYMENT_TARGET = 16.0;
				MTL_ENABLE_DEBUG_INFO = NO;
				MTL_FAST_MATH = YES;
				SDKROOT = iphoneos;
				SWIFT_COMPILATION_MODE = wholemodule;
				SWIFT_OPTIMIZATION_LEVEL = "-O";
				VALIDATE_PRODUCT = YES;
			};
			name = Release;
		};
		CA27B0AA28FF6FD2007754FF /* Debug */ = {
			isa = XCBuildConfiguration;
			buildSettings = {
				ASSETCATALOG_COMPILER_APPICON_NAME = AppIcon;
				ASSETCATALOG_COMPILER_GLOBAL_ACCENT_COLOR_NAME = AccentColor;
				CODE_SIGN_STYLE = Automatic;
				CURRENT_PROJECT_VERSION = 1;
				DEVELOPMENT_ASSET_PATHS = "\"PhysicsTest/Preview Content\"";
				DEVELOPMENT_TEAM = GN64R4AHYT;
				ENABLE_PREVIEWS = YES;
				GENERATE_INFOPLIST_FILE = YES;
				INFOPLIST_KEY_UIApplicationSceneManifest_Generation = YES;
				INFOPLIST_KEY_UIApplicationSupportsIndirectInputEvents = YES;
				INFOPLIST_KEY_UILaunchScreen_Generation = YES;
				INFOPLIST_KEY_UISupportedInterfaceOrientations_iPad = "UIInterfaceOrientationPortrait UIInterfaceOrientationPortraitUpsideDown UIInterfaceOrientationLandscapeLeft UIInterfaceOrientationLandscapeRight";
				INFOPLIST_KEY_UISupportedInterfaceOrientations_iPhone = "UIInterfaceOrientationPortrait UIInterfaceOrientationLandscapeLeft UIInterfaceOrientationLandscapeRight";
				LD_RUNPATH_SEARCH_PATHS = (
					"$(inherited)",
					"@executable_path/Frameworks",
				);
				MARKETING_VERSION = 1.0;
				PRODUCT_BUNDLE_IDENTIFIER = bknox.dev.PhysicsTest;
				PRODUCT_NAME = "$(TARGET_NAME)";
				SWIFT_EMIT_LOC_STRINGS = YES;
				SWIFT_VERSION = 5.0;
				TARGETED_DEVICE_FAMILY = "1,2";
			};
			name = Debug;
		};
		CA27B0AB28FF6FD2007754FF /* Release */ = {
			isa = XCBuildConfiguration;
			buildSettings = {
				ASSETCATALOG_COMPILER_APPICON_NAME = AppIcon;
				ASSETCATALOG_COMPILER_GLOBAL_ACCENT_COLOR_NAME = AccentColor;
				CODE_SIGN_STYLE = Automatic;
				CURRENT_PROJECT_VERSION = 1;
				DEVELOPMENT_ASSET_PATHS = "\"PhysicsTest/Preview Content\"";
				DEVELOPMENT_TEAM = GN64R4AHYT;
				ENABLE_PREVIEWS = YES;
				GENERATE_INFOPLIST_FILE = YES;
				INFOPLIST_KEY_UIApplicationSceneManifest_Generation = YES;
				INFOPLIST_KEY_UIApplicationSupportsIndirectInputEvents = YES;
				INFOPLIST_KEY_UILaunchScreen_Generation = YES;
				INFOPLIST_KEY_UISupportedInterfaceOrientations_iPad = "UIInterfaceOrientationPortrait UIInterfaceOrientationPortraitUpsideDown UIInterfaceOrientationLandscapeLeft UIInterfaceOrientationLandscapeRight";
				INFOPLIST_KEY_UISupportedInterfaceOrientations_iPhone = "UIInterfaceOrientationPortrait UIInterfaceOrientationLandscapeLeft UIInterfaceOrientationLandscapeRight";
				LD_RUNPATH_SEARCH_PATHS = (
					"$(inherited)",
					"@executable_path/Frameworks",
				);
				MARKETING_VERSION = 1.0;
				PRODUCT_BUNDLE_IDENTIFIER = bknox.dev.PhysicsTest;
				PRODUCT_NAME = "$(TARGET_NAME)";
				SWIFT_EMIT_LOC_STRINGS = YES;
				SWIFT_VERSION = 5.0;
				TARGETED_DEVICE_FAMILY = "1,2";
			};
			name = Release;
		};
/* End XCBuildConfiguration section */

/* Begin XCConfigurationList section */
		CA27B09128FF6FD1007754FF /* Build configuration list for PBXProject "PhysicsTest" */ = {
			isa = XCConfigurationList;
			buildConfigurations = (
				CA27B0A728FF6FD2007754FF /* Debug */,
				CA27B0A828FF6FD2007754FF /* Release */,
			);
			defaultConfigurationIsVisible = 0;
			defaultConfigurationName = Release;
		};
		CA27B0A928FF6FD2007754FF /* Build configuration list for PBXNativeTarget "PhysicsTest" */ = {
			isa = XCConfigurationList;
			buildConfigurations = (
				CA27B0AA28FF6FD2007754FF /* Debug */,
				CA27B0AB28FF6FD2007754FF /* Release */,
			);
			defaultConfigurationIsVisible = 0;
			defaultConfigurationName = Release;
		};
/* End XCConfigurationList section */

/* Begin XCVersionGroup section */
		CA27B0A428FF6FD2007754FF /* PhysicsTest.xcdatamodeld */ = {
			isa = XCVersionGroup;
			children = (
				CA27B0A528FF6FD2007754FF /* PhysicsTest.xcdatamodel */,
			);
			currentVersion = CA27B0A528FF6FD2007754FF /* PhysicsTest.xcdatamodel */;
			path = PhysicsTest.xcdatamodeld;
			sourceTree = "<group>";
			versionGroupType = wrapper.xcdatamodel;
		};
/* End XCVersionGroup section */
	};
	rootObject = CA27B08E28FF6FD1007754FF /* Project object */;
}
